// !$*UTF8*$!
{
	archiveVersion = 1;
	classes = {
	};
	objectVersion = 50;
	objects = {

/* Begin PBXBuildFile section */
		9EB0EB3EA63D0E440FCF0D66 /* Pods_TinkoffChat.framework in Frameworks */ = {isa = PBXBuildFile; fileRef = 342F8E623CB6C64E79618EEB /* Pods_TinkoffChat.framework */; };
		FB13B5A7221FE86200F585A1 /* ConversationsListViewController.swift in Sources */ = {isa = PBXBuildFile; fileRef = FB13B5A6221FE86200F585A1 /* ConversationsListViewController.swift */; };
		FB13B5AB221FFF2100F585A1 /* ConversetionTableViewCell.swift in Sources */ = {isa = PBXBuildFile; fileRef = FB13B5AA221FFF2100F585A1 /* ConversetionTableViewCell.swift */; };
		FB1FE744225FC25400198EEF /* AppUserData.swift in Sources */ = {isa = PBXBuildFile; fileRef = FB1FE743225FC25400198EEF /* AppUserData.swift */; };
		FB1FE74A225FC7A900198EEF /* FRMessageManager.swift in Sources */ = {isa = PBXBuildFile; fileRef = FB1FE749225FC7A900198EEF /* FRMessageManager.swift */; };
		FB1FE74E225FC8F800198EEF /* FRUserManager.swift in Sources */ = {isa = PBXBuildFile; fileRef = FB1FE74D225FC8F800198EEF /* FRUserManager.swift */; };
		FB1FE750225FC90800198EEF /* FRConversationManager.swift in Sources */ = {isa = PBXBuildFile; fileRef = FB1FE74F225FC90800198EEF /* FRConversationManager.swift */; };
		FB1FE752225FCAC200198EEF /* MessageModel.swift in Sources */ = {isa = PBXBuildFile; fileRef = FB1FE751225FCAC200198EEF /* MessageModel.swift */; };
		FB1FE75C225FEC9900198EEF /* FRCDelegate.swift in Sources */ = {isa = PBXBuildFile; fileRef = FB1FE75B225FEC9900198EEF /* FRCDelegate.swift */; };
		FB1FE75F22608FD400198EEF /* CoreAssembly.swift in Sources */ = {isa = PBXBuildFile; fileRef = FB1FE75E22608FD400198EEF /* CoreAssembly.swift */; };
		FB1FE7622260BC5300198EEF /* ServiceAssembly.swift in Sources */ = {isa = PBXBuildFile; fileRef = FB1FE7612260BC5300198EEF /* ServiceAssembly.swift */; };
		FB3C11EF22536B3D008E81E2 /* User.swift in Sources */ = {isa = PBXBuildFile; fileRef = FB3C11EE22536B3D008E81E2 /* User.swift */; };
		FB3C11F122536B46008E81E2 /* Message.swift in Sources */ = {isa = PBXBuildFile; fileRef = FB3C11F022536B45008E81E2 /* Message.swift */; };
		FB3C11F322536B50008E81E2 /* Conversation.swift in Sources */ = {isa = PBXBuildFile; fileRef = FB3C11F222536B50008E81E2 /* Conversation.swift */; };
		FB499F512230F7BE0093993B /* ThemesViewController.swift in Sources */ = {isa = PBXBuildFile; fileRef = FBF0906C222E8CB800BB208D /* ThemesViewController.swift */; };
		FB5279352229781600D23839 /* Themes.m in Sources */ = {isa = PBXBuildFile; fileRef = FB5279342229781600D23839 /* Themes.m */; };
		FB5389422217263400093230 /* ProfileViewController.swift in Sources */ = {isa = PBXBuildFile; fileRef = FB5389412217263400093230 /* ProfileViewController.swift */; };
		FB5A8EB6226793610020E158 /* animation.swift in Sources */ = {isa = PBXBuildFile; fileRef = FB5A8EB5226793610020E158 /* animation.swift */; };
		FB7EE7B322119AE3002CC1D1 /* ChatLog.swift in Sources */ = {isa = PBXBuildFile; fileRef = FB7EE7B222119AE3002CC1D1 /* ChatLog.swift */; };
		FB8A8A3B220C3B0E00B67C31 /* AppDelegate.swift in Sources */ = {isa = PBXBuildFile; fileRef = FB8A8A3A220C3B0E00B67C31 /* AppDelegate.swift */; };
		FB8A8A40220C3B0E00B67C31 /* Main.storyboard in Resources */ = {isa = PBXBuildFile; fileRef = FB8A8A3E220C3B0E00B67C31 /* Main.storyboard */; };
		FB8A8A43220C3B0E00B67C31 /* TinkoffChat.xcdatamodeld in Sources */ = {isa = PBXBuildFile; fileRef = FB8A8A41220C3B0E00B67C31 /* TinkoffChat.xcdatamodeld */; };
		FB8A8A45220C3B0E00B67C31 /* Assets.xcassets in Resources */ = {isa = PBXBuildFile; fileRef = FB8A8A44220C3B0E00B67C31 /* Assets.xcassets */; };
		FB8A8A48220C3B0E00B67C31 /* LaunchScreen.storyboard in Resources */ = {isa = PBXBuildFile; fileRef = FB8A8A46220C3B0E00B67C31 /* LaunchScreen.storyboard */; };
		FB91545C223E8C36001350DA /* MultipeerCommunicator.swift in Sources */ = {isa = PBXBuildFile; fileRef = FB91545B223E8C36001350DA /* MultipeerCommunicator.swift */; };
		FB91545E223E9DE6001350DA /* CommunicationService.swift in Sources */ = {isa = PBXBuildFile; fileRef = FB91545D223E9DE6001350DA /* CommunicationService.swift */; };
		FBB5844122205F640052535E /* ConversationModel.swift in Sources */ = {isa = PBXBuildFile; fileRef = FBB5844022205F640052535E /* ConversationModel.swift */; };
		FBDF7DFF226B2F7D0058E9ED /* UIButtonExtension.swift in Sources */ = {isa = PBXBuildFile; fileRef = FBDF7DFE226B2F7D0058E9ED /* UIButtonExtension.swift */; };
		FBE3E4032222F9FD00725C33 /* ConversationViewController.swift in Sources */ = {isa = PBXBuildFile; fileRef = FBE3E4022222F9FD00725C33 /* ConversationViewController.swift */; };
		FBE3E40522231C8A00725C33 /* ChatTableViewCell.swift in Sources */ = {isa = PBXBuildFile; fileRef = FBE3E40422231C8A00725C33 /* ChatTableViewCell.swift */; };
		FBED87DE22171CCE001F18D6 /* Media.xcassets in Resources */ = {isa = PBXBuildFile; fileRef = FBED87DD22171CCE001F18D6 /* Media.xcassets */; };
		FBF09071222E96D300BB208D /* ThemesStruct.swift in Sources */ = {isa = PBXBuildFile; fileRef = FBF09070222E96D300BB208D /* ThemesStruct.swift */; };
		FBF0907A222EE48C00BB208D /* Extensions.swift in Sources */ = {isa = PBXBuildFile; fileRef = FBF09079222EE48C00BB208D /* Extensions.swift */; };
		FBF56AED2265CCFF0038A80A /* DownLoadImageViewController.swift in Sources */ = {isa = PBXBuildFile; fileRef = FBF56AEC2265CCFF0038A80A /* DownLoadImageViewController.swift */; };
		FBF56AEF2265CE9E0038A80A /* ImageStorage.swift in Sources */ = {isa = PBXBuildFile; fileRef = FBF56AEE2265CE9E0038A80A /* ImageStorage.swift */; };
		FBF56AF12265CEB30038A80A /* CollectionViewCell.swift in Sources */ = {isa = PBXBuildFile; fileRef = FBF56AF02265CEB30038A80A /* CollectionViewCell.swift */; };
		FBF9CFC62236DE8400636844 /* Profile.swift in Sources */ = {isa = PBXBuildFile; fileRef = FBF9CFC52236DE8400636844 /* Profile.swift */; };
		FBF9CFD022393FE900636844 /* ThemesViewController.m in Sources */ = {isa = PBXBuildFile; fileRef = FB52793022283EA000D23839 /* ThemesViewController.m */; };
		FBFDC66C224A957C0079879B /* CoreDataStack.swift in Sources */ = {isa = PBXBuildFile; fileRef = FBFDC66B224A957C0079879B /* CoreDataStack.swift */; };
		FBFDC66E224A95880079879B /* UserCoreDataService.swift in Sources */ = {isa = PBXBuildFile; fileRef = FBFDC66D224A95880079879B /* UserCoreDataService.swift */; };
/* End PBXBuildFile section */

/* Begin PBXFileReference section */
		342F8E623CB6C64E79618EEB /* Pods_TinkoffChat.framework */ = {isa = PBXFileReference; explicitFileType = wrapper.framework; includeInIndex = 0; path = Pods_TinkoffChat.framework; sourceTree = BUILT_PRODUCTS_DIR; };
		4C4D07FD87D608A776046570 /* Pods-TinkoffChat.release.xcconfig */ = {isa = PBXFileReference; includeInIndex = 1; lastKnownFileType = text.xcconfig; name = "Pods-TinkoffChat.release.xcconfig"; path = "Target Support Files/Pods-TinkoffChat/Pods-TinkoffChat.release.xcconfig"; sourceTree = "<group>"; };
		A44E2E5B569863B3623607AB /* Pods-TinkoffChat.debug.xcconfig */ = {isa = PBXFileReference; includeInIndex = 1; lastKnownFileType = text.xcconfig; name = "Pods-TinkoffChat.debug.xcconfig"; path = "Target Support Files/Pods-TinkoffChat/Pods-TinkoffChat.debug.xcconfig"; sourceTree = "<group>"; };
		E138755E222BD9720046E77B /* ThemesViewControllerDelegate.h */ = {isa = PBXFileReference; lastKnownFileType = sourcecode.c.h; path = ThemesViewControllerDelegate.h; sourceTree = "<group>"; };
		FB13B5A6221FE86200F585A1 /* ConversationsListViewController.swift */ = {isa = PBXFileReference; lastKnownFileType = sourcecode.swift; path = ConversationsListViewController.swift; sourceTree = "<group>"; };
		FB13B5AA221FFF2100F585A1 /* ConversetionTableViewCell.swift */ = {isa = PBXFileReference; lastKnownFileType = sourcecode.swift; path = ConversetionTableViewCell.swift; sourceTree = "<group>"; };
		FB1FE743225FC25400198EEF /* AppUserData.swift */ = {isa = PBXFileReference; lastKnownFileType = sourcecode.swift; path = AppUserData.swift; sourceTree = "<group>"; };
		FB1FE749225FC7A900198EEF /* FRMessageManager.swift */ = {isa = PBXFileReference; lastKnownFileType = sourcecode.swift; path = FRMessageManager.swift; sourceTree = "<group>"; };
		FB1FE74D225FC8F800198EEF /* FRUserManager.swift */ = {isa = PBXFileReference; lastKnownFileType = sourcecode.swift; path = FRUserManager.swift; sourceTree = "<group>"; };
		FB1FE74F225FC90800198EEF /* FRConversationManager.swift */ = {isa = PBXFileReference; lastKnownFileType = sourcecode.swift; path = FRConversationManager.swift; sourceTree = "<group>"; };
		FB1FE751225FCAC200198EEF /* MessageModel.swift */ = {isa = PBXFileReference; lastKnownFileType = sourcecode.swift; path = MessageModel.swift; sourceTree = "<group>"; };
		FB1FE75B225FEC9900198EEF /* FRCDelegate.swift */ = {isa = PBXFileReference; lastKnownFileType = sourcecode.swift; path = FRCDelegate.swift; sourceTree = "<group>"; };
		FB1FE75E22608FD400198EEF /* CoreAssembly.swift */ = {isa = PBXFileReference; lastKnownFileType = sourcecode.swift; path = CoreAssembly.swift; sourceTree = "<group>"; };
		FB1FE7612260BC5300198EEF /* ServiceAssembly.swift */ = {isa = PBXFileReference; lastKnownFileType = sourcecode.swift; path = ServiceAssembly.swift; sourceTree = "<group>"; };
		FB3C11EE22536B3D008E81E2 /* User.swift */ = {isa = PBXFileReference; lastKnownFileType = sourcecode.swift; path = User.swift; sourceTree = "<group>"; };
		FB3C11F022536B45008E81E2 /* Message.swift */ = {isa = PBXFileReference; lastKnownFileType = sourcecode.swift; path = Message.swift; sourceTree = "<group>"; };
		FB3C11F222536B50008E81E2 /* Conversation.swift */ = {isa = PBXFileReference; lastKnownFileType = sourcecode.swift; path = Conversation.swift; sourceTree = "<group>"; };
		FB52793022283EA000D23839 /* ThemesViewController.m */ = {isa = PBXFileReference; lastKnownFileType = sourcecode.c.objc; path = ThemesViewController.m; sourceTree = "<group>"; };
		FB52793222283EDB00D23839 /* ThemesViewController.h */ = {isa = PBXFileReference; lastKnownFileType = sourcecode.c.h; path = ThemesViewController.h; sourceTree = "<group>"; };
		FB52793322286EC800D23839 /* Bridging-Header.h */ = {isa = PBXFileReference; lastKnownFileType = sourcecode.c.h; path = "Bridging-Header.h"; sourceTree = "<group>"; };
		FB5279342229781600D23839 /* Themes.m */ = {isa = PBXFileReference; lastKnownFileType = sourcecode.c.objc; path = Themes.m; sourceTree = "<group>"; };
		FB5279362229782800D23839 /* Themes.h */ = {isa = PBXFileReference; lastKnownFileType = sourcecode.c.h; path = Themes.h; sourceTree = "<group>"; };
		FB5389412217263400093230 /* ProfileViewController.swift */ = {isa = PBXFileReference; lastKnownFileType = sourcecode.swift; path = ProfileViewController.swift; sourceTree = "<group>"; };
		FB5A8EB5226793610020E158 /* animation.swift */ = {isa = PBXFileReference; lastKnownFileType = sourcecode.swift; path = animation.swift; sourceTree = "<group>"; };
		FB7EE7B222119AE3002CC1D1 /* ChatLog.swift */ = {isa = PBXFileReference; lastKnownFileType = sourcecode.swift; path = ChatLog.swift; sourceTree = "<group>"; };
		FB8A8A37220C3B0E00B67C31 /* TinkoffChat.app */ = {isa = PBXFileReference; explicitFileType = wrapper.application; includeInIndex = 0; path = TinkoffChat.app; sourceTree = BUILT_PRODUCTS_DIR; };
		FB8A8A3A220C3B0E00B67C31 /* AppDelegate.swift */ = {isa = PBXFileReference; lastKnownFileType = sourcecode.swift; path = AppDelegate.swift; sourceTree = "<group>"; };
		FB8A8A3F220C3B0E00B67C31 /* Base */ = {isa = PBXFileReference; lastKnownFileType = file.storyboard; name = Base; path = Base.lproj/Main.storyboard; sourceTree = "<group>"; };
		FB8A8A42220C3B0E00B67C31 /* TinkoffChat.xcdatamodel */ = {isa = PBXFileReference; lastKnownFileType = wrapper.xcdatamodel; path = TinkoffChat.xcdatamodel; sourceTree = "<group>"; };
		FB8A8A44220C3B0E00B67C31 /* Assets.xcassets */ = {isa = PBXFileReference; lastKnownFileType = folder.assetcatalog; path = Assets.xcassets; sourceTree = "<group>"; };
		FB8A8A47220C3B0E00B67C31 /* Base */ = {isa = PBXFileReference; lastKnownFileType = file.storyboard; name = Base; path = Base.lproj/LaunchScreen.storyboard; sourceTree = "<group>"; };
		FB8A8A49220C3B0E00B67C31 /* Info.plist */ = {isa = PBXFileReference; lastKnownFileType = text.plist.xml; path = Info.plist; sourceTree = "<group>"; };
		FB91545B223E8C36001350DA /* MultipeerCommunicator.swift */ = {isa = PBXFileReference; lastKnownFileType = sourcecode.swift; path = MultipeerCommunicator.swift; sourceTree = "<group>"; };
		FB91545D223E9DE6001350DA /* CommunicationService.swift */ = {isa = PBXFileReference; lastKnownFileType = sourcecode.swift; path = CommunicationService.swift; sourceTree = "<group>"; };
		FBB5844022205F640052535E /* ConversationModel.swift */ = {isa = PBXFileReference; lastKnownFileType = sourcecode.swift; path = ConversationModel.swift; sourceTree = "<group>"; };
		FBDF7DFE226B2F7D0058E9ED /* UIButtonExtension.swift */ = {isa = PBXFileReference; lastKnownFileType = sourcecode.swift; path = UIButtonExtension.swift; sourceTree = "<group>"; };
		FBE3E4022222F9FD00725C33 /* ConversationViewController.swift */ = {isa = PBXFileReference; lastKnownFileType = sourcecode.swift; path = ConversationViewController.swift; sourceTree = "<group>"; };
		FBE3E40422231C8A00725C33 /* ChatTableViewCell.swift */ = {isa = PBXFileReference; lastKnownFileType = sourcecode.swift; path = ChatTableViewCell.swift; sourceTree = "<group>"; };
		FBED87DD22171CCE001F18D6 /* Media.xcassets */ = {isa = PBXFileReference; lastKnownFileType = folder.assetcatalog; path = Media.xcassets; sourceTree = "<group>"; };
		FBF0906C222E8CB800BB208D /* ThemesViewController.swift */ = {isa = PBXFileReference; lastKnownFileType = sourcecode.swift; path = ThemesViewController.swift; sourceTree = "<group>"; };
		FBF09070222E96D300BB208D /* ThemesStruct.swift */ = {isa = PBXFileReference; lastKnownFileType = sourcecode.swift; path = ThemesStruct.swift; sourceTree = "<group>"; };
		FBF09079222EE48C00BB208D /* Extensions.swift */ = {isa = PBXFileReference; lastKnownFileType = sourcecode.swift; path = Extensions.swift; sourceTree = "<group>"; };
		FBF56AEC2265CCFF0038A80A /* DownLoadImageViewController.swift */ = {isa = PBXFileReference; lastKnownFileType = sourcecode.swift; path = DownLoadImageViewController.swift; sourceTree = "<group>"; };
		FBF56AEE2265CE9E0038A80A /* ImageStorage.swift */ = {isa = PBXFileReference; lastKnownFileType = sourcecode.swift; path = ImageStorage.swift; sourceTree = "<group>"; };
		FBF56AF02265CEB30038A80A /* CollectionViewCell.swift */ = {isa = PBXFileReference; lastKnownFileType = sourcecode.swift; path = CollectionViewCell.swift; sourceTree = "<group>"; };
		FBF9CFC52236DE8400636844 /* Profile.swift */ = {isa = PBXFileReference; lastKnownFileType = sourcecode.swift; path = Profile.swift; sourceTree = "<group>"; };
		FBFDC66B224A957C0079879B /* CoreDataStack.swift */ = {isa = PBXFileReference; lastKnownFileType = sourcecode.swift; path = CoreDataStack.swift; sourceTree = "<group>"; };
		FBFDC66D224A95880079879B /* UserCoreDataService.swift */ = {isa = PBXFileReference; lastKnownFileType = sourcecode.swift; path = UserCoreDataService.swift; sourceTree = "<group>"; };
/* End PBXFileReference section */

/* Begin PBXFrameworksBuildPhase section */
		FB8A8A34220C3B0E00B67C31 /* Frameworks */ = {
			isa = PBXFrameworksBuildPhase;
			buildActionMask = 2147483647;
			files = (
				9EB0EB3EA63D0E440FCF0D66 /* Pods_TinkoffChat.framework in Frameworks */,
			);
			runOnlyForDeploymentPostprocessing = 0;
		};
/* End PBXFrameworksBuildPhase section */

/* Begin PBXGroup section */
		BA9EA7AD2F848708FA614CFF /* Pods */ = {
			isa = PBXGroup;
			children = (
				A44E2E5B569863B3623607AB /* Pods-TinkoffChat.debug.xcconfig */,
				4C4D07FD87D608A776046570 /* Pods-TinkoffChat.release.xcconfig */,
			);
			path = Pods;
			sourceTree = "<group>";
		};
		E138755C222BD51F0046E77B /* ViewControllers */ = {
			isa = PBXGroup;
			children = (
				FBF56AEB2265CCDC0038A80A /* DownloadImage */,
				E138755D222BD53D0046E77B /* Themes */,
				FB499F522233F7730093993B /* Profile */,
				FBF9CFCF22393F7E00636844 /* Conversation */,
				FBF9CFCE22393F5900636844 /* ConversationList */,
			);
			path = ViewControllers;
			sourceTree = "<group>";
		};
		E138755D222BD53D0046E77B /* Themes */ = {
			isa = PBXGroup;
			children = (
				FBF09070222E96D300BB208D /* ThemesStruct.swift */,
				FBF0906C222E8CB800BB208D /* ThemesViewController.swift */,
				FB52793022283EA000D23839 /* ThemesViewController.m */,
				FB52793222283EDB00D23839 /* ThemesViewController.h */,
				E138755E222BD9720046E77B /* ThemesViewControllerDelegate.h */,
				FB5279362229782800D23839 /* Themes.h */,
				FB5279342229781600D23839 /* Themes.m */,
			);
			path = Themes;
			sourceTree = "<group>";
		};
		F296BD84DFF3DD58930ECCB5 /* Frameworks */ = {
			isa = PBXGroup;
			children = (
				342F8E623CB6C64E79618EEB /* Pods_TinkoffChat.framework */,
			);
			name = Frameworks;
			sourceTree = "<group>";
		};
		FB1FE745225FC34F00198EEF /* Model */ = {
			isa = PBXGroup;
			children = (
				FBF9CFC52236DE8400636844 /* Profile.swift */,
				FB1FE743225FC25400198EEF /* AppUserData.swift */,
			);
			path = Model;
			sourceTree = "<group>";
		};
		FB1FE746225FC62B00198EEF /* Controller */ = {
			isa = PBXGroup;
			children = (
				FB5389412217263400093230 /* ProfileViewController.swift */,
				FB5A8EB5226793610020E158 /* animation.swift */,
			);
			path = Controller;
			sourceTree = "<group>";
		};
		FB1FE747225FC66200198EEF /* Controller */ = {
			isa = PBXGroup;
			children = (
				FBE3E4022222F9FD00725C33 /* ConversationViewController.swift */,
			);
			path = Controller;
			sourceTree = "<group>";
		};
		FB1FE748225FC66C00198EEF /* Model */ = {
			isa = PBXGroup;
			children = (
				FB3C11F022536B45008E81E2 /* Message.swift */,
				FBE3E40422231C8A00725C33 /* ChatTableViewCell.swift */,
				FB1FE751225FCAC200198EEF /* MessageModel.swift */,
			);
			path = Model;
			sourceTree = "<group>";
		};
		FB1FE74B225FC86A00198EEF /* Model */ = {
			isa = PBXGroup;
			children = (
				FB3C11F222536B50008E81E2 /* Conversation.swift */,
				FB3C11EE22536B3D008E81E2 /* User.swift */,
				FB13B5AA221FFF2100F585A1 /* ConversetionTableViewCell.swift */,
				FBB5844022205F640052535E /* ConversationModel.swift */,
			);
			path = Model;
			sourceTree = "<group>";
		};
		FB1FE74C225FC87100198EEF /* Controller */ = {
			isa = PBXGroup;
			children = (
				FB13B5A6221FE86200F585A1 /* ConversationsListViewController.swift */,
			);
			path = Controller;
			sourceTree = "<group>";
		};
		FB1FE753225FCB8000198EEF /* CoreLayer */ = {
			isa = PBXGroup;
			children = (
				FB1FE75D22608FBA00198EEF /* Assembly */,
				FB1FE757225FCBF200198EEF /* Communicator */,
				FB1FE756225FCBE700198EEF /* CoreData */,
			);
			path = CoreLayer;
			sourceTree = "<group>";
		};
		FB1FE754225FCB8C00198EEF /* ServiceLayer */ = {
			isa = PBXGroup;
			children = (
				FB36CBF02267317A00272C30 /* Image */,
				FB1FE7602260BC2E00198EEF /* Assembly */,
				FB1FE75A225FEC7F00198EEF /* FRCDelegate */,
				FB1FE759225FE93500198EEF /* Profile */,
				FB1FE758225FE8A100198EEF /* Communication */,
			);
			path = ServiceLayer;
			sourceTree = "<group>";
		};
		FB1FE755225FCB9400198EEF /* PresentationLayer */ = {
			isa = PBXGroup;
			children = (
				E138755C222BD51F0046E77B /* ViewControllers */,
			);
			path = PresentationLayer;
			sourceTree = "<group>";
		};
		FB1FE756225FCBE700198EEF /* CoreData */ = {
			isa = PBXGroup;
			children = (
				FBFDC66B224A957C0079879B /* CoreDataStack.swift */,
				FB1FE74D225FC8F800198EEF /* FRUserManager.swift */,
				FB1FE74F225FC90800198EEF /* FRConversationManager.swift */,
				FB1FE749225FC7A900198EEF /* FRMessageManager.swift */,
				FB8A8A41220C3B0E00B67C31 /* TinkoffChat.xcdatamodeld */,
			);
			path = CoreData;
			sourceTree = "<group>";
		};
		FB1FE757225FCBF200198EEF /* Communicator */ = {
			isa = PBXGroup;
			children = (
				FB91545B223E8C36001350DA /* MultipeerCommunicator.swift */,
			);
			path = Communicator;
			sourceTree = "<group>";
		};
		FB1FE758225FE8A100198EEF /* Communication */ = {
			isa = PBXGroup;
			children = (
				FB91545D223E9DE6001350DA /* CommunicationService.swift */,
			);
			path = Communication;
			sourceTree = "<group>";
		};
		FB1FE759225FE93500198EEF /* Profile */ = {
			isa = PBXGroup;
			children = (
				FBFDC66D224A95880079879B /* UserCoreDataService.swift */,
			);
			path = Profile;
			sourceTree = "<group>";
		};
		FB1FE75A225FEC7F00198EEF /* FRCDelegate */ = {
			isa = PBXGroup;
			children = (
				FB1FE75B225FEC9900198EEF /* FRCDelegate.swift */,
			);
			path = FRCDelegate;
			sourceTree = "<group>";
		};
		FB1FE75D22608FBA00198EEF /* Assembly */ = {
			isa = PBXGroup;
			children = (
				FB1FE75E22608FD400198EEF /* CoreAssembly.swift */,
			);
			path = Assembly;
			sourceTree = "<group>";
		};
		FB1FE7602260BC2E00198EEF /* Assembly */ = {
			isa = PBXGroup;
			children = (
				FB1FE7612260BC5300198EEF /* ServiceAssembly.swift */,
			);
			path = Assembly;
			sourceTree = "<group>";
		};
		FB36CBF02267317A00272C30 /* Image */ = {
			isa = PBXGroup;
			children = (
				FBF56AEE2265CE9E0038A80A /* ImageStorage.swift */,
			);
			path = Image;
			sourceTree = "<group>";
		};
		FB36CBF122673E3200272C30 /* View */ = {
			isa = PBXGroup;
			children = (
				FBF56AF02265CEB30038A80A /* CollectionViewCell.swift */,
			);
			path = View;
			sourceTree = "<group>";
		};
		FB499F522233F7730093993B /* Profile */ = {
			isa = PBXGroup;
			children = (
				FB1FE746225FC62B00198EEF /* Controller */,
				FB1FE745225FC34F00198EEF /* Model */,
			);
			path = Profile;
			sourceTree = "<group>";
		};
		FB8A8A2E220C3B0E00B67C31 = {
			isa = PBXGroup;
			children = (
				FB8A8A39220C3B0E00B67C31 /* TinkoffChat */,
				FB8A8A38220C3B0E00B67C31 /* Products */,
				BA9EA7AD2F848708FA614CFF /* Pods */,
				F296BD84DFF3DD58930ECCB5 /* Frameworks */,
			);
			sourceTree = "<group>";
		};
		FB8A8A38220C3B0E00B67C31 /* Products */ = {
			isa = PBXGroup;
			children = (
				FB8A8A37220C3B0E00B67C31 /* TinkoffChat.app */,
			);
			name = Products;
			sourceTree = "<group>";
		};
		FB8A8A39220C3B0E00B67C31 /* TinkoffChat */ = {
			isa = PBXGroup;
			children = (
				FB52793322286EC800D23839 /* Bridging-Header.h */,
				FB7EE7B222119AE3002CC1D1 /* ChatLog.swift */,
				FB8A8A3A220C3B0E00B67C31 /* AppDelegate.swift */,
				FBF09079222EE48C00BB208D /* Extensions.swift */,
				FBDF7DFE226B2F7D0058E9ED /* UIButtonExtension.swift */,
				FB8A8A3E220C3B0E00B67C31 /* Main.storyboard */,
				FB1FE753225FCB8000198EEF /* CoreLayer */,
				FB1FE754225FCB8C00198EEF /* ServiceLayer */,
				FB1FE755225FCB9400198EEF /* PresentationLayer */,
				FB8A8A44220C3B0E00B67C31 /* Assets.xcassets */,
				FBED87DD22171CCE001F18D6 /* Media.xcassets */,
				FB8A8A46220C3B0E00B67C31 /* LaunchScreen.storyboard */,
				FB8A8A49220C3B0E00B67C31 /* Info.plist */,
			);
			path = TinkoffChat;
			sourceTree = "<group>";
		};
		FBF56AEB2265CCDC0038A80A /* DownloadImage */ = {
			isa = PBXGroup;
			children = (
				FBF56AEC2265CCFF0038A80A /* DownLoadImageViewController.swift */,
				FB36CBF122673E3200272C30 /* View */,
			);
			path = DownloadImage;
			sourceTree = "<group>";
		};
		FBF9CFCE22393F5900636844 /* ConversationList */ = {
			isa = PBXGroup;
			children = (
				FB1FE74B225FC86A00198EEF /* Model */,
				FB1FE74C225FC87100198EEF /* Controller */,
			);
			path = ConversationList;
			sourceTree = "<group>";
		};
		FBF9CFCF22393F7E00636844 /* Conversation */ = {
			isa = PBXGroup;
			children = (
				FB1FE748225FC66C00198EEF /* Model */,
				FB1FE747225FC66200198EEF /* Controller */,
			);
			path = Conversation;
			sourceTree = "<group>";
		};
/* End PBXGroup section */

/* Begin PBXNativeTarget section */
		FB8A8A36220C3B0E00B67C31 /* TinkoffChat */ = {
			isa = PBXNativeTarget;
			buildConfigurationList = FB8A8A4C220C3B0E00B67C31 /* Build configuration list for PBXNativeTarget "TinkoffChat" */;
			buildPhases = (
				FB419F41226F71B000F463A4 /* ShellScript */,
				0D113D2F665E10E38028B657 /* [CP] Check Pods Manifest.lock */,
				FB8A8A33220C3B0E00B67C31 /* Sources */,
				FB8A8A34220C3B0E00B67C31 /* Frameworks */,
				FB8A8A35220C3B0E00B67C31 /* Resources */,
			);
			buildRules = (
			);
			dependencies = (
			);
			name = TinkoffChat;
			productName = TinkoffChat;
			productReference = FB8A8A37220C3B0E00B67C31 /* TinkoffChat.app */;
			productType = "com.apple.product-type.application";
		};
/* End PBXNativeTarget section */

/* Begin PBXProject section */
		FB8A8A2F220C3B0E00B67C31 /* Project object */ = {
			isa = PBXProject;
			attributes = {
				LastSwiftUpdateCheck = 1010;
				LastUpgradeCheck = 1010;
				ORGANIZATIONNAME = "Lera Korenevich";
				TargetAttributes = {
					FB8A8A36220C3B0E00B67C31 = {
						CreatedOnToolsVersion = 10.1;
						LastSwiftMigration = 1010;
					};
				};
			};
			buildConfigurationList = FB8A8A32220C3B0E00B67C31 /* Build configuration list for PBXProject "TinkoffChat" */;
			compatibilityVersion = "Xcode 9.3";
			developmentRegion = en;
			hasScannedForEncodings = 0;
			knownRegions = (
				en,
				Base,
			);
			mainGroup = FB8A8A2E220C3B0E00B67C31;
			productRefGroup = FB8A8A38220C3B0E00B67C31 /* Products */;
			projectDirPath = "";
			projectRoot = "";
			targets = (
				FB8A8A36220C3B0E00B67C31 /* TinkoffChat */,
			);
		};
/* End PBXProject section */

/* Begin PBXResourcesBuildPhase section */
		FB8A8A35220C3B0E00B67C31 /* Resources */ = {
			isa = PBXResourcesBuildPhase;
			buildActionMask = 2147483647;
			files = (
				FB8A8A48220C3B0E00B67C31 /* LaunchScreen.storyboard in Resources */,
				FB8A8A45220C3B0E00B67C31 /* Assets.xcassets in Resources */,
				FBED87DE22171CCE001F18D6 /* Media.xcassets in Resources */,
				FB8A8A40220C3B0E00B67C31 /* Main.storyboard in Resources */,
			);
			runOnlyForDeploymentPostprocessing = 0;
		};
/* End PBXResourcesBuildPhase section */

/* Begin PBXShellScriptBuildPhase section */
		0D113D2F665E10E38028B657 /* [CP] Check Pods Manifest.lock */ = {
			isa = PBXShellScriptBuildPhase;
			buildActionMask = 2147483647;
			files = (
			);
			inputFileListPaths = (
			);
			inputPaths = (
				"${PODS_PODFILE_DIR_PATH}/Podfile.lock",
				"${PODS_ROOT}/Manifest.lock",
			);
			name = "[CP] Check Pods Manifest.lock";
			outputFileListPaths = (
			);
			outputPaths = (
				"$(DERIVED_FILE_DIR)/Pods-TinkoffChat-checkManifestLockResult.txt",
			);
			runOnlyForDeploymentPostprocessing = 0;
			shellPath = /bin/sh;
			shellScript = "diff \"${PODS_PODFILE_DIR_PATH}/Podfile.lock\" \"${PODS_ROOT}/Manifest.lock\" > /dev/null\nif [ $? != 0 ] ; then\n    # print error to STDERR\n    echo \"error: The sandbox is not in sync with the Podfile.lock. Run 'pod install' or update your CocoaPods installation.\" >&2\n    exit 1\nfi\n# This output is used by Xcode 'outputs' to avoid re-running this script phase.\necho \"SUCCESS\" > \"${SCRIPT_OUTPUT_FILE_0}\"\n";
			showEnvVarsInLog = 0;
		};
		FB419F41226F71B000F463A4 /* ShellScript */ = {
			isa = PBXShellScriptBuildPhase;
			buildActionMask = 2147483647;
			files = (
			);
			inputFileListPaths = (
			);
			inputPaths = (
			);
			outputFileListPaths = (
			);
			outputPaths = (
			);
			runOnlyForDeploymentPostprocessing = 0;
			shellPath = /bin/sh;
			shellScript = "${PODS_ROOT}/SwiftLint/swiftlint\n";
		};
/* End PBXShellScriptBuildPhase section */

/* Begin PBXSourcesBuildPhase section */
		FB8A8A33220C3B0E00B67C31 /* Sources */ = {
			isa = PBXSourcesBuildPhase;
			buildActionMask = 2147483647;
			files = (
				FBF09071222E96D300BB208D /* ThemesStruct.swift in Sources */,
				FBB5844122205F640052535E /* ConversationModel.swift in Sources */,
				FB5279352229781600D23839 /* Themes.m in Sources */,
				FBF9CFC62236DE8400636844 /* Profile.swift in Sources */,
				FB8A8A3B220C3B0E00B67C31 /* AppDelegate.swift in Sources */,
				FBF56AEF2265CE9E0038A80A /* ImageStorage.swift in Sources */,
				FBF0907A222EE48C00BB208D /* Extensions.swift in Sources */,
				FB499F512230F7BE0093993B /* ThemesViewController.swift in Sources */,
				FBE3E4032222F9FD00725C33 /* ConversationViewController.swift in Sources */,
				FB91545C223E8C36001350DA /* MultipeerCommunicator.swift in Sources */,
				FBE3E40522231C8A00725C33 /* ChatTableViewCell.swift in Sources */,
				FBDF7DFF226B2F7D0058E9ED /* UIButtonExtension.swift in Sources */,
				FB5389422217263400093230 /* ProfileViewController.swift in Sources */,
				FB3C11F322536B50008E81E2 /* Conversation.swift in Sources */,
				FB1FE744225FC25400198EEF /* AppUserData.swift in Sources */,
				FB1FE750225FC90800198EEF /* FRConversationManager.swift in Sources */,
				FB91545E223E9DE6001350DA /* CommunicationService.swift in Sources */,
				FB1FE7622260BC5300198EEF /* ServiceAssembly.swift in Sources */,
				FBFDC66E224A95880079879B /* UserCoreDataService.swift in Sources */,
				FB5A8EB6226793610020E158 /* animation.swift in Sources */,
				FB1FE752225FCAC200198EEF /* MessageModel.swift in Sources */,
				FB7EE7B322119AE3002CC1D1 /* ChatLog.swift in Sources */,
				FB8A8A43220C3B0E00B67C31 /* TinkoffChat.xcdatamodeld in Sources */,
				FBFDC66C224A957C0079879B /* CoreDataStack.swift in Sources */,
				FB1FE74A225FC7A900198EEF /* FRMessageManager.swift in Sources */,
				FB13B5A7221FE86200F585A1 /* ConversationsListViewController.swift in Sources */,
				FB1FE75C225FEC9900198EEF /* FRCDelegate.swift in Sources */,
				FB13B5AB221FFF2100F585A1 /* ConversetionTableViewCell.swift in Sources */,
				FB1FE75F22608FD400198EEF /* CoreAssembly.swift in Sources */,
				FB3C11F122536B46008E81E2 /* Message.swift in Sources */,
				FBF9CFD022393FE900636844 /* ThemesViewController.m in Sources */,
				FBF56AED2265CCFF0038A80A /* DownLoadImageViewController.swift in Sources */,
				FB1FE74E225FC8F800198EEF /* FRUserManager.swift in Sources */,
				FB3C11EF22536B3D008E81E2 /* User.swift in Sources */,
				FBF56AF12265CEB30038A80A /* CollectionViewCell.swift in Sources */,
			);
			runOnlyForDeploymentPostprocessing = 0;
		};
/* End PBXSourcesBuildPhase section */

/* Begin PBXVariantGroup section */
		FB8A8A3E220C3B0E00B67C31 /* Main.storyboard */ = {
			isa = PBXVariantGroup;
			children = (
				FB8A8A3F220C3B0E00B67C31 /* Base */,
			);
			name = Main.storyboard;
			sourceTree = "<group>";
		};
		FB8A8A46220C3B0E00B67C31 /* LaunchScreen.storyboard */ = {
			isa = PBXVariantGroup;
			children = (
				FB8A8A47220C3B0E00B67C31 /* Base */,
			);
			name = LaunchScreen.storyboard;
			sourceTree = "<group>";
		};
/* End PBXVariantGroup section */

/* Begin XCBuildConfiguration section */
		FB8A8A4A220C3B0E00B67C31 /* Debug */ = {
			isa = XCBuildConfiguration;
			buildSettings = {
				ALWAYS_SEARCH_USER_PATHS = NO;
				CLANG_ANALYZER_NONNULL = YES;
				CLANG_ANALYZER_NUMBER_OBJECT_CONVERSION = YES_AGGRESSIVE;
				CLANG_CXX_LANGUAGE_STANDARD = "gnu++14";
				CLANG_CXX_LIBRARY = "libc++";
				CLANG_ENABLE_MODULES = YES;
				CLANG_ENABLE_OBJC_ARC = NO;
				CLANG_ENABLE_OBJC_WEAK = YES;
				CLANG_WARN_BLOCK_CAPTURE_AUTORELEASING = YES;
				CLANG_WARN_BOOL_CONVERSION = YES;
				CLANG_WARN_COMMA = YES;
				CLANG_WARN_CONSTANT_CONVERSION = YES;
				CLANG_WARN_DEPRECATED_OBJC_IMPLEMENTATIONS = YES;
				CLANG_WARN_DIRECT_OBJC_ISA_USAGE = YES_ERROR;
				CLANG_WARN_DOCUMENTATION_COMMENTS = YES;
				CLANG_WARN_EMPTY_BODY = YES;
				CLANG_WARN_ENUM_CONVERSION = YES;
				CLANG_WARN_INFINITE_RECURSION = YES;
				CLANG_WARN_INT_CONVERSION = YES;
				CLANG_WARN_NON_LITERAL_NULL_CONVERSION = YES;
				CLANG_WARN_OBJC_IMPLICIT_RETAIN_SELF = YES;
				CLANG_WARN_OBJC_LITERAL_CONVERSION = YES;
				CLANG_WARN_OBJC_ROOT_CLASS = YES_ERROR;
				CLANG_WARN_RANGE_LOOP_ANALYSIS = YES;
				CLANG_WARN_STRICT_PROTOTYPES = YES;
				CLANG_WARN_SUSPICIOUS_MOVE = YES;
				CLANG_WARN_UNGUARDED_AVAILABILITY = YES_AGGRESSIVE;
				CLANG_WARN_UNREACHABLE_CODE = YES;
				CLANG_WARN__DUPLICATE_METHOD_MATCH = YES;
				CODE_SIGN_IDENTITY = "iPhone Developer";
				COPY_PHASE_STRIP = NO;
				DEBUG_INFORMATION_FORMAT = dwarf;
				ENABLE_STRICT_OBJC_MSGSEND = YES;
				ENABLE_TESTABILITY = YES;
				GCC_C_LANGUAGE_STANDARD = gnu11;
				GCC_DYNAMIC_NO_PIC = NO;
				GCC_NO_COMMON_BLOCKS = YES;
				GCC_OPTIMIZATION_LEVEL = 0;
				GCC_PREPROCESSOR_DEFINITIONS = (
					"DEBUG=1",
					"$(inherited)",
				);
				GCC_WARN_64_TO_32_BIT_CONVERSION = YES;
				GCC_WARN_ABOUT_RETURN_TYPE = YES_ERROR;
				GCC_WARN_UNDECLARED_SELECTOR = YES;
				GCC_WARN_UNINITIALIZED_AUTOS = YES_AGGRESSIVE;
				GCC_WARN_UNUSED_FUNCTION = YES;
				GCC_WARN_UNUSED_VARIABLE = YES;
				IPHONEOS_DEPLOYMENT_TARGET = 12.1;
				MTL_ENABLE_DEBUG_INFO = INCLUDE_SOURCE;
				MTL_FAST_MATH = YES;
				ONLY_ACTIVE_ARCH = YES;
				SDKROOT = iphoneos;
				SWIFT_ACTIVE_COMPILATION_CONDITIONS = DEBUG;
				SWIFT_OPTIMIZATION_LEVEL = "-Onone";
			};
			name = Debug;
		};
		FB8A8A4B220C3B0E00B67C31 /* Release */ = {
			isa = XCBuildConfiguration;
			buildSettings = {
				ALWAYS_SEARCH_USER_PATHS = NO;
				CLANG_ANALYZER_NONNULL = YES;
				CLANG_ANALYZER_NUMBER_OBJECT_CONVERSION = YES_AGGRESSIVE;
				CLANG_CXX_LANGUAGE_STANDARD = "gnu++14";
				CLANG_CXX_LIBRARY = "libc++";
				CLANG_ENABLE_MODULES = YES;
				CLANG_ENABLE_OBJC_ARC = NO;
				CLANG_ENABLE_OBJC_WEAK = YES;
				CLANG_WARN_BLOCK_CAPTURE_AUTORELEASING = YES;
				CLANG_WARN_BOOL_CONVERSION = YES;
				CLANG_WARN_COMMA = YES;
				CLANG_WARN_CONSTANT_CONVERSION = YES;
				CLANG_WARN_DEPRECATED_OBJC_IMPLEMENTATIONS = YES;
				CLANG_WARN_DIRECT_OBJC_ISA_USAGE = YES_ERROR;
				CLANG_WARN_DOCUMENTATION_COMMENTS = YES;
				CLANG_WARN_EMPTY_BODY = YES;
				CLANG_WARN_ENUM_CONVERSION = YES;
				CLANG_WARN_INFINITE_RECURSION = YES;
				CLANG_WARN_INT_CONVERSION = YES;
				CLANG_WARN_NON_LITERAL_NULL_CONVERSION = YES;
				CLANG_WARN_OBJC_IMPLICIT_RETAIN_SELF = YES;
				CLANG_WARN_OBJC_LITERAL_CONVERSION = YES;
				CLANG_WARN_OBJC_ROOT_CLASS = YES_ERROR;
				CLANG_WARN_RANGE_LOOP_ANALYSIS = YES;
				CLANG_WARN_STRICT_PROTOTYPES = YES;
				CLANG_WARN_SUSPICIOUS_MOVE = YES;
				CLANG_WARN_UNGUARDED_AVAILABILITY = YES_AGGRESSIVE;
				CLANG_WARN_UNREACHABLE_CODE = YES;
				CLANG_WARN__DUPLICATE_METHOD_MATCH = YES;
				CODE_SIGN_IDENTITY = "iPhone Developer";
				COPY_PHASE_STRIP = NO;
				DEBUG_INFORMATION_FORMAT = "dwarf-with-dsym";
				ENABLE_NS_ASSERTIONS = NO;
				ENABLE_STRICT_OBJC_MSGSEND = YES;
				GCC_C_LANGUAGE_STANDARD = gnu11;
				GCC_NO_COMMON_BLOCKS = YES;
				GCC_WARN_64_TO_32_BIT_CONVERSION = YES;
				GCC_WARN_ABOUT_RETURN_TYPE = YES_ERROR;
				GCC_WARN_UNDECLARED_SELECTOR = YES;
				GCC_WARN_UNINITIALIZED_AUTOS = YES_AGGRESSIVE;
				GCC_WARN_UNUSED_FUNCTION = YES;
				GCC_WARN_UNUSED_VARIABLE = YES;
				IPHONEOS_DEPLOYMENT_TARGET = 12.1;
				MTL_ENABLE_DEBUG_INFO = NO;
				MTL_FAST_MATH = YES;
				SDKROOT = iphoneos;
				SWIFT_COMPILATION_MODE = wholemodule;
				SWIFT_OPTIMIZATION_LEVEL = "-O";
				VALIDATE_PRODUCT = YES;
			};
			name = Release;
		};
		FB8A8A4D220C3B0E00B67C31 /* Debug */ = {
			isa = XCBuildConfiguration;
			baseConfigurationReference = A44E2E5B569863B3623607AB /* Pods-TinkoffChat.debug.xcconfig */;
			buildSettings = {
				ASSETCATALOG_COMPILER_APPICON_NAME = AppIcon;
				CLANG_ENABLE_MODULES = YES;
				CODE_SIGN_STYLE = Automatic;
				DEVELOPMENT_TEAM = LRSDDA9PY3;
				INFOPLIST_FILE = TinkoffChat/Info.plist;
				IPHONEOS_DEPLOYMENT_TARGET = 11.0;
				LD_RUNPATH_SEARCH_PATHS = (
					"$(inherited)",
					"@executable_path/Frameworks",
				);
				PRODUCT_BUNDLE_IDENTIFIER = com.koren.TinkoffChat;
				PRODUCT_NAME = "$(TARGET_NAME)";
				SWIFT_OBJC_BRIDGING_HEADER = "TinkoffChat/Bridging-Header.h";
				SWIFT_OPTIMIZATION_LEVEL = "-Onone";
				SWIFT_VERSION = 4.2;
				TARGETED_DEVICE_FAMILY = 1;
			};
			name = Debug;
		};
		FB8A8A4E220C3B0E00B67C31 /* Release */ = {
			isa = XCBuildConfiguration;
			baseConfigurationReference = 4C4D07FD87D608A776046570 /* Pods-TinkoffChat.release.xcconfig */;
			buildSettings = {
				ASSETCATALOG_COMPILER_APPICON_NAME = AppIcon;
				CLANG_ENABLE_MODULES = YES;
				CODE_SIGN_STYLE = Automatic;
				DEVELOPMENT_TEAM = LRSDDA9PY3;
				INFOPLIST_FILE = TinkoffChat/Info.plist;
				IPHONEOS_DEPLOYMENT_TARGET = 11.0;
				LD_RUNPATH_SEARCH_PATHS = (
					"$(inherited)",
					"@executable_path/Frameworks",
				);
				PRODUCT_BUNDLE_IDENTIFIER = com.koren.TinkoffChat;
				PRODUCT_NAME = "$(TARGET_NAME)";
				SWIFT_OBJC_BRIDGING_HEADER = "TinkoffChat/Bridging-Header.h";
				SWIFT_VERSION = 4.2;
				TARGETED_DEVICE_FAMILY = 1;
			};
			name = Release;
		};
/* End XCBuildConfiguration section */

/* Begin XCConfigurationList section */
		FB8A8A32220C3B0E00B67C31 /* Build configuration list for PBXProject "TinkoffChat" */ = {
			isa = XCConfigurationList;
			buildConfigurations = (
				FB8A8A4A220C3B0E00B67C31 /* Debug */,
				FB8A8A4B220C3B0E00B67C31 /* Release */,
			);
			defaultConfigurationIsVisible = 0;
			defaultConfigurationName = Release;
		};
		FB8A8A4C220C3B0E00B67C31 /* Build configuration list for PBXNativeTarget "TinkoffChat" */ = {
			isa = XCConfigurationList;
			buildConfigurations = (
				FB8A8A4D220C3B0E00B67C31 /* Debug */,
				FB8A8A4E220C3B0E00B67C31 /* Release */,
			);
			defaultConfigurationIsVisible = 0;
			defaultConfigurationName = Release;
		};
/* End XCConfigurationList section */

/* Begin XCVersionGroup section */
		FB8A8A41220C3B0E00B67C31 /* TinkoffChat.xcdatamodeld */ = {
			isa = XCVersionGroup;
			children = (
				FB8A8A42220C3B0E00B67C31 /* TinkoffChat.xcdatamodel */,
			);
			currentVersion = FB8A8A42220C3B0E00B67C31 /* TinkoffChat.xcdatamodel */;
			path = TinkoffChat.xcdatamodeld;
			sourceTree = "<group>";
			versionGroupType = wrapper.xcdatamodel;
		};
/* End XCVersionGroup section */
	};
	rootObject = FB8A8A2F220C3B0E00B67C31 /* Project object */;
}
