// !$*UTF8*$!
{
	archiveVersion = 1;
	classes = {
	};
	objectVersion = 50;
	objects = {

/* Begin PBXBuildFile section */
		FB13B5A7221FE86200F585A1 /* ConversationsListViewController.swift in Sources */ = {isa = PBXBuildFile; fileRef = FB13B5A6221FE86200F585A1 /* ConversationsListViewController.swift */; };
		FB13B5AB221FFF2100F585A1 /* ConversetionTableViewCell.swift in Sources */ = {isa = PBXBuildFile; fileRef = FB13B5AA221FFF2100F585A1 /* ConversetionTableViewCell.swift */; };
		FB1FE742225E17D100198EEF /* FRManager.swift in Sources */ = {isa = PBXBuildFile; fileRef = FB1FE741225E17D000198EEF /* FRManager.swift */; };
		FB2BA29C225A2A9800391B7C /* AppUser.swift in Sources */ = {isa = PBXBuildFile; fileRef = FB2BA29B225A2A9800391B7C /* AppUser.swift */; };
		FB2BA29E225A41E100391B7C /* RootAssembly.swift in Sources */ = {isa = PBXBuildFile; fileRef = FB2BA29D225A41E100391B7C /* RootAssembly.swift */; };
		FB2BA2A3225A458900391B7C /* PresentationAssembly.swift in Sources */ = {isa = PBXBuildFile; fileRef = FB2BA2A2225A458900391B7C /* PresentationAssembly.swift */; };
		FB2BA2AD225A46FD00391B7C /* ServiceAssembly.swift in Sources */ = {isa = PBXBuildFile; fileRef = FB2BA2AC225A46FD00391B7C /* ServiceAssembly.swift */; };
		FB2BA2AF225A471600391B7C /* CoreAssembly.swift in Sources */ = {isa = PBXBuildFile; fileRef = FB2BA2AE225A471600391B7C /* CoreAssembly.swift */; };
		FB2BA2B1225A6D0600391B7C /* StorageManager.swift in Sources */ = {isa = PBXBuildFile; fileRef = FB2BA2B0225A6D0600391B7C /* StorageManager.swift */; };
		FB2BA2B3225CD8FF00391B7C /* ConversationsDataSource.swift in Sources */ = {isa = PBXBuildFile; fileRef = FB2BA2B2225CD8FF00391B7C /* ConversationsDataSource.swift */; };
		FB2BA2B5225CD9A300391B7C /* MessagesDataSource.swift in Sources */ = {isa = PBXBuildFile; fileRef = FB2BA2B4225CD9A300391B7C /* MessagesDataSource.swift */; };
		FB2BA2B7225CE54400391B7C /* MessageFetchRequester.swift in Sources */ = {isa = PBXBuildFile; fileRef = FB2BA2B6225CE54400391B7C /* MessageFetchRequester.swift */; };
		FB2BA2B9225CE55400391B7C /* ConversationFetchRequester.swift in Sources */ = {isa = PBXBuildFile; fileRef = FB2BA2B8225CE55400391B7C /* ConversationFetchRequester.swift */; };
		FB2BA2BB225CE55F00391B7C /* UserFetchRequester.swift in Sources */ = {isa = PBXBuildFile; fileRef = FB2BA2BA225CE55E00391B7C /* UserFetchRequester.swift */; };
		FB3C11D722525174008E81E2 /* ConversationDelegate.swift in Sources */ = {isa = PBXBuildFile; fileRef = FB3C11D622525174008E81E2 /* ConversationDelegate.swift */; };
		FB3C11EF22536B3D008E81E2 /* User.swift in Sources */ = {isa = PBXBuildFile; fileRef = FB3C11EE22536B3D008E81E2 /* User.swift */; };
		FB3C11F122536B46008E81E2 /* Message.swift in Sources */ = {isa = PBXBuildFile; fileRef = FB3C11F022536B45008E81E2 /* Message.swift */; };
		FB3C11F322536B50008E81E2 /* Conversation.swift in Sources */ = {isa = PBXBuildFile; fileRef = FB3C11F222536B50008E81E2 /* Conversation.swift */; };
		FB3C11F92253B29C008E81E2 /* ConversationsListDelegate.swift in Sources */ = {isa = PBXBuildFile; fileRef = FB3C11F82253B29C008E81E2 /* ConversationsListDelegate.swift */; };
		FB499F512230F7BE0093993B /* ThemesViewController.swift in Sources */ = {isa = PBXBuildFile; fileRef = FBF0906C222E8CB800BB208D /* ThemesViewController.swift */; };
		FB5389422217263400093230 /* ProfileViewController.swift in Sources */ = {isa = PBXBuildFile; fileRef = FB5389412217263400093230 /* ProfileViewController.swift */; };
		FB7EE7B322119AE3002CC1D1 /* ChatLog.swift in Sources */ = {isa = PBXBuildFile; fileRef = FB7EE7B222119AE3002CC1D1 /* ChatLog.swift */; };
		FB8A8A3B220C3B0E00B67C31 /* AppDelegate.swift in Sources */ = {isa = PBXBuildFile; fileRef = FB8A8A3A220C3B0E00B67C31 /* AppDelegate.swift */; };
		FB8A8A40220C3B0E00B67C31 /* Main.storyboard in Resources */ = {isa = PBXBuildFile; fileRef = FB8A8A3E220C3B0E00B67C31 /* Main.storyboard */; };
		FB8A8A43220C3B0E00B67C31 /* TinkoffChat.xcdatamodeld in Sources */ = {isa = PBXBuildFile; fileRef = FB8A8A41220C3B0E00B67C31 /* TinkoffChat.xcdatamodeld */; };
		FB8A8A45220C3B0E00B67C31 /* Assets.xcassets in Resources */ = {isa = PBXBuildFile; fileRef = FB8A8A44220C3B0E00B67C31 /* Assets.xcassets */; };
		FB8A8A48220C3B0E00B67C31 /* LaunchScreen.storyboard in Resources */ = {isa = PBXBuildFile; fileRef = FB8A8A46220C3B0E00B67C31 /* LaunchScreen.storyboard */; };
		FB91545C223E8C36001350DA /* MultipeerCommunicator.swift in Sources */ = {isa = PBXBuildFile; fileRef = FB91545B223E8C36001350DA /* MultipeerCommunicator.swift */; };
		FB91545E223E9DE6001350DA /* CommunicationService.swift in Sources */ = {isa = PBXBuildFile; fileRef = FB91545D223E9DE6001350DA /* CommunicationService.swift */; };
		FBB5844122205F640052535E /* Model.swift in Sources */ = {isa = PBXBuildFile; fileRef = FBB5844022205F640052535E /* Model.swift */; };
		FBE3E4032222F9FD00725C33 /* ConversationViewController.swift in Sources */ = {isa = PBXBuildFile; fileRef = FBE3E4022222F9FD00725C33 /* ConversationViewController.swift */; };
		FBE3E40522231C8A00725C33 /* ChatTableViewCell.swift in Sources */ = {isa = PBXBuildFile; fileRef = FBE3E40422231C8A00725C33 /* ChatTableViewCell.swift */; };
		FBED87DE22171CCE001F18D6 /* Media.xcassets in Resources */ = {isa = PBXBuildFile; fileRef = FBED87DD22171CCE001F18D6 /* Media.xcassets */; };
		FBF09071222E96D300BB208D /* ThemesStruct.swift in Sources */ = {isa = PBXBuildFile; fileRef = FBF09070222E96D300BB208D /* ThemesStruct.swift */; };
		FBF0907A222EE48C00BB208D /* Extensions.swift in Sources */ = {isa = PBXBuildFile; fileRef = FBF09079222EE48C00BB208D /* Extensions.swift */; };
		FBF9CFC62236DE8400636844 /* Profile.swift in Sources */ = {isa = PBXBuildFile; fileRef = FBF9CFC52236DE8400636844 /* Profile.swift */; };
		FBFDC66C224A957C0079879B /* CoreDataStack.swift in Sources */ = {isa = PBXBuildFile; fileRef = FBFDC66B224A957C0079879B /* CoreDataStack.swift */; };
/* End PBXBuildFile section */

/* Begin PBXFileReference section */
		FB13B5A6221FE86200F585A1 /* ConversationsListViewController.swift */ = {isa = PBXFileReference; lastKnownFileType = sourcecode.swift; path = ConversationsListViewController.swift; sourceTree = "<group>"; };
		FB13B5AA221FFF2100F585A1 /* ConversetionTableViewCell.swift */ = {isa = PBXFileReference; lastKnownFileType = sourcecode.swift; path = ConversetionTableViewCell.swift; sourceTree = "<group>"; };
		FB1FE741225E17D000198EEF /* FRManager.swift */ = {isa = PBXFileReference; lastKnownFileType = sourcecode.swift; path = FRManager.swift; sourceTree = "<group>"; };
		FB2BA29B225A2A9800391B7C /* AppUser.swift */ = {isa = PBXFileReference; lastKnownFileType = sourcecode.swift; path = AppUser.swift; sourceTree = "<group>"; };
		FB2BA29D225A41E100391B7C /* RootAssembly.swift */ = {isa = PBXFileReference; lastKnownFileType = sourcecode.swift; path = RootAssembly.swift; sourceTree = "<group>"; };
		FB2BA2A2225A458900391B7C /* PresentationAssembly.swift */ = {isa = PBXFileReference; lastKnownFileType = sourcecode.swift; path = PresentationAssembly.swift; sourceTree = "<group>"; };
		FB2BA2AC225A46FD00391B7C /* ServiceAssembly.swift */ = {isa = PBXFileReference; lastKnownFileType = sourcecode.swift; path = ServiceAssembly.swift; sourceTree = "<group>"; };
		FB2BA2AE225A471600391B7C /* CoreAssembly.swift */ = {isa = PBXFileReference; lastKnownFileType = sourcecode.swift; path = CoreAssembly.swift; sourceTree = "<group>"; };
		FB2BA2B0225A6D0600391B7C /* StorageManager.swift */ = {isa = PBXFileReference; lastKnownFileType = sourcecode.swift; path = StorageManager.swift; sourceTree = "<group>"; };
		FB2BA2B2225CD8FF00391B7C /* ConversationsDataSource.swift */ = {isa = PBXFileReference; lastKnownFileType = sourcecode.swift; path = ConversationsDataSource.swift; sourceTree = "<group>"; };
		FB2BA2B4225CD9A300391B7C /* MessagesDataSource.swift */ = {isa = PBXFileReference; lastKnownFileType = sourcecode.swift; path = MessagesDataSource.swift; sourceTree = "<group>"; };
		FB2BA2B6225CE54400391B7C /* MessageFetchRequester.swift */ = {isa = PBXFileReference; lastKnownFileType = sourcecode.swift; path = MessageFetchRequester.swift; sourceTree = "<group>"; };
		FB2BA2B8225CE55400391B7C /* ConversationFetchRequester.swift */ = {isa = PBXFileReference; lastKnownFileType = sourcecode.swift; path = ConversationFetchRequester.swift; sourceTree = "<group>"; };
		FB2BA2BA225CE55E00391B7C /* UserFetchRequester.swift */ = {isa = PBXFileReference; lastKnownFileType = sourcecode.swift; path = UserFetchRequester.swift; sourceTree = "<group>"; };
		FB3C11D622525174008E81E2 /* ConversationDelegate.swift */ = {isa = PBXFileReference; lastKnownFileType = sourcecode.swift; path = ConversationDelegate.swift; sourceTree = "<group>"; };
		FB3C11EE22536B3D008E81E2 /* User.swift */ = {isa = PBXFileReference; lastKnownFileType = sourcecode.swift; path = User.swift; sourceTree = "<group>"; };
		FB3C11F022536B45008E81E2 /* Message.swift */ = {isa = PBXFileReference; lastKnownFileType = sourcecode.swift; path = Message.swift; sourceTree = "<group>"; };
		FB3C11F222536B50008E81E2 /* Conversation.swift */ = {isa = PBXFileReference; lastKnownFileType = sourcecode.swift; path = Conversation.swift; sourceTree = "<group>"; };
		FB3C11F82253B29C008E81E2 /* ConversationsListDelegate.swift */ = {isa = PBXFileReference; lastKnownFileType = sourcecode.swift; path = ConversationsListDelegate.swift; sourceTree = "<group>"; };
		FB5389412217263400093230 /* ProfileViewController.swift */ = {isa = PBXFileReference; lastKnownFileType = sourcecode.swift; path = ProfileViewController.swift; sourceTree = "<group>"; };
		FB7EE7B222119AE3002CC1D1 /* ChatLog.swift */ = {isa = PBXFileReference; lastKnownFileType = sourcecode.swift; path = ChatLog.swift; sourceTree = "<group>"; };
		FB8A8A37220C3B0E00B67C31 /* TinkoffChat.app */ = {isa = PBXFileReference; explicitFileType = wrapper.application; includeInIndex = 0; path = TinkoffChat.app; sourceTree = BUILT_PRODUCTS_DIR; };
		FB8A8A3A220C3B0E00B67C31 /* AppDelegate.swift */ = {isa = PBXFileReference; lastKnownFileType = sourcecode.swift; path = AppDelegate.swift; sourceTree = "<group>"; };
		FB8A8A3F220C3B0E00B67C31 /* Base */ = {isa = PBXFileReference; lastKnownFileType = file.storyboard; name = Base; path = Base.lproj/Main.storyboard; sourceTree = "<group>"; };
		FB8A8A42220C3B0E00B67C31 /* TinkoffChat.xcdatamodel */ = {isa = PBXFileReference; lastKnownFileType = wrapper.xcdatamodel; path = TinkoffChat.xcdatamodel; sourceTree = "<group>"; };
		FB8A8A44220C3B0E00B67C31 /* Assets.xcassets */ = {isa = PBXFileReference; lastKnownFileType = folder.assetcatalog; path = Assets.xcassets; sourceTree = "<group>"; };
		FB8A8A47220C3B0E00B67C31 /* Base */ = {isa = PBXFileReference; lastKnownFileType = file.storyboard; name = Base; path = Base.lproj/LaunchScreen.storyboard; sourceTree = "<group>"; };
		FB8A8A49220C3B0E00B67C31 /* Info.plist */ = {isa = PBXFileReference; lastKnownFileType = text.plist.xml; path = Info.plist; sourceTree = "<group>"; };
		FB91545B223E8C36001350DA /* MultipeerCommunicator.swift */ = {isa = PBXFileReference; lastKnownFileType = sourcecode.swift; path = MultipeerCommunicator.swift; sourceTree = "<group>"; };
		FB91545D223E9DE6001350DA /* CommunicationService.swift */ = {isa = PBXFileReference; lastKnownFileType = sourcecode.swift; path = CommunicationService.swift; sourceTree = "<group>"; };
		FBB5844022205F640052535E /* Model.swift */ = {isa = PBXFileReference; lastKnownFileType = sourcecode.swift; path = Model.swift; sourceTree = "<group>"; };
		FBE3E4022222F9FD00725C33 /* ConversationViewController.swift */ = {isa = PBXFileReference; lastKnownFileType = sourcecode.swift; path = ConversationViewController.swift; sourceTree = "<group>"; };
		FBE3E40422231C8A00725C33 /* ChatTableViewCell.swift */ = {isa = PBXFileReference; lastKnownFileType = sourcecode.swift; path = ChatTableViewCell.swift; sourceTree = "<group>"; };
		FBED87DD22171CCE001F18D6 /* Media.xcassets */ = {isa = PBXFileReference; lastKnownFileType = folder.assetcatalog; path = Media.xcassets; sourceTree = "<group>"; };
		FBF0906C222E8CB800BB208D /* ThemesViewController.swift */ = {isa = PBXFileReference; lastKnownFileType = sourcecode.swift; path = ThemesViewController.swift; sourceTree = "<group>"; };
		FBF09070222E96D300BB208D /* ThemesStruct.swift */ = {isa = PBXFileReference; lastKnownFileType = sourcecode.swift; path = ThemesStruct.swift; sourceTree = "<group>"; };
		FBF09079222EE48C00BB208D /* Extensions.swift */ = {isa = PBXFileReference; lastKnownFileType = sourcecode.swift; path = Extensions.swift; sourceTree = "<group>"; };
		FBF9CFC52236DE8400636844 /* Profile.swift */ = {isa = PBXFileReference; lastKnownFileType = sourcecode.swift; path = Profile.swift; sourceTree = "<group>"; };
		FBFDC66B224A957C0079879B /* CoreDataStack.swift */ = {isa = PBXFileReference; lastKnownFileType = sourcecode.swift; path = CoreDataStack.swift; sourceTree = "<group>"; };
/* End PBXFileReference section */

/* Begin PBXFrameworksBuildPhase section */
		FB8A8A34220C3B0E00B67C31 /* Frameworks */ = {
			isa = PBXFrameworksBuildPhase;
			buildActionMask = 2147483647;
			files = (
			);
			runOnlyForDeploymentPostprocessing = 0;
		};
/* End PBXFrameworksBuildPhase section */

/* Begin PBXGroup section */
		E138755C222BD51F0046E77B /* ViewControllers */ = {
			isa = PBXGroup;
			children = (
				E138755D222BD53D0046E77B /* Themes */,
				FB499F522233F7730093993B /* Profile */,
				FBF9CFCF22393F7E00636844 /* Conversation */,
				FBF9CFCE22393F5900636844 /* ConversationList */,
			);
			path = ViewControllers;
			sourceTree = "<group>";
		};
		E138755D222BD53D0046E77B /* Themes */ = {
			isa = PBXGroup;
			children = (
				FBF09070222E96D300BB208D /* ThemesStruct.swift */,
				FBF0906C222E8CB800BB208D /* ThemesViewController.swift */,
			);
			path = Themes;
			sourceTree = "<group>";
		};
		FB2BA29F225A44FB00391B7C /* PresentationLayer */ = {
			isa = PBXGroup;
			children = (
				FB2BA2A1225A455700391B7C /* Modules */,
				FB2BA2A0225A454B00391B7C /* Assembly */,
			);
			path = PresentationLayer;
			sourceTree = "<group>";
		};
		FB2BA2A0225A454B00391B7C /* Assembly */ = {
			isa = PBXGroup;
			children = (
				FB2BA2A2225A458900391B7C /* PresentationAssembly.swift */,
			);
			path = Assembly;
			sourceTree = "<group>";
		};
		FB2BA2A1225A455700391B7C /* Modules */ = {
			isa = PBXGroup;
			children = (
			);
			path = Modules;
			sourceTree = "<group>";
		};
		FB2BA2A4225A45E200391B7C /* ServiceLayer */ = {
			isa = PBXGroup;
			children = (
				FB2BA2A7225A463500391B7C /* Assembly */,
				FB2BA2A6225A462900391B7C /* Services */,
			);
			path = ServiceLayer;
			sourceTree = "<group>";
		};
		FB2BA2A6225A462900391B7C /* Services */ = {
			isa = PBXGroup;
			children = (
				FB91545D223E9DE6001350DA /* CommunicationService.swift */,
				FB2BA2B6225CE54400391B7C /* MessageFetchRequester.swift */,
				FB2BA2B8225CE55400391B7C /* ConversationFetchRequester.swift */,
				FB2BA2BA225CE55E00391B7C /* UserFetchRequester.swift */,
			);
			path = Services;
			sourceTree = "<group>";
		};
		FB2BA2A7225A463500391B7C /* Assembly */ = {
			isa = PBXGroup;
			children = (
				FB2BA2AC225A46FD00391B7C /* ServiceAssembly.swift */,
			);
			path = Assembly;
			sourceTree = "<group>";
		};
		FB2BA2A8225A469D00391B7C /* CoreLayer */ = {
			isa = PBXGroup;
			children = (
				FB2BA2AB225A46E100391B7C /* MultipeerCommunicator */,
				FB2BA2AA225A46C900391B7C /* CoreData */,
				FB2BA2A9225A46AA00391B7C /* Assembly */,
			);
			path = CoreLayer;
			sourceTree = "<group>";
		};
		FB2BA2A9225A46AA00391B7C /* Assembly */ = {
			isa = PBXGroup;
			children = (
				FB2BA2AE225A471600391B7C /* CoreAssembly.swift */,
			);
			path = Assembly;
			sourceTree = "<group>";
		};
		FB2BA2AA225A46C900391B7C /* CoreData */ = {
			isa = PBXGroup;
			children = (
				FBFDC66B224A957C0079879B /* CoreDataStack.swift */,
				FB2BA2B0225A6D0600391B7C /* StorageManager.swift */,
				FB2BA2B2225CD8FF00391B7C /* ConversationsDataSource.swift */,
				FB3C11EE22536B3D008E81E2 /* User.swift */,
				FB3C11F022536B45008E81E2 /* Message.swift */,
				FB2BA29B225A2A9800391B7C /* AppUser.swift */,
				FB3C11F222536B50008E81E2 /* Conversation.swift */,
				FB1FE741225E17D000198EEF /* FRManager.swift */,
				FB2BA2B4225CD9A300391B7C /* MessagesDataSource.swift */,
			);
			path = CoreData;
			sourceTree = "<group>";
		};
		FB2BA2AB225A46E100391B7C /* MultipeerCommunicator */ = {
			isa = PBXGroup;
			children = (
				FB91545B223E8C36001350DA /* MultipeerCommunicator.swift */,
			);
			path = MultipeerCommunicator;
			sourceTree = "<group>";
		};
		FB3C11ED22536B2D008E81E2 /* Extensions */ = {
			isa = PBXGroup;
			children = (
				FBF09079222EE48C00BB208D /* Extensions.swift */,
			);
			path = Extensions;
			sourceTree = "<group>";
		};
		FB499F522233F7730093993B /* Profile */ = {
			isa = PBXGroup;
			children = (
				FB5389412217263400093230 /* ProfileViewController.swift */,
				FBF9CFC52236DE8400636844 /* Profile.swift */,
			);
			path = Profile;
			sourceTree = "<group>";
		};
		FB8A8A2E220C3B0E00B67C31 = {
			isa = PBXGroup;
			children = (
				FB8A8A39220C3B0E00B67C31 /* TinkoffChat */,
				FB8A8A38220C3B0E00B67C31 /* Products */,
			);
			sourceTree = "<group>";
		};
		FB8A8A38220C3B0E00B67C31 /* Products */ = {
			isa = PBXGroup;
			children = (
				FB8A8A37220C3B0E00B67C31 /* TinkoffChat.app */,
			);
			name = Products;
			sourceTree = "<group>";
		};
		FB8A8A39220C3B0E00B67C31 /* TinkoffChat */ = {
			isa = PBXGroup;
			children = (
				FB7EE7B222119AE3002CC1D1 /* ChatLog.swift */,
				FB8A8A3A220C3B0E00B67C31 /* AppDelegate.swift */,
				FB2BA29D225A41E100391B7C /* RootAssembly.swift */,
				FB3C11ED22536B2D008E81E2 /* Extensions */,
				FB2BA2A8225A469D00391B7C /* CoreLayer */,
				FB2BA2A4225A45E200391B7C /* ServiceLayer */,
				FB2BA29F225A44FB00391B7C /* PresentationLayer */,
				FB8A8A3E220C3B0E00B67C31 /* Main.storyboard */,
				E138755C222BD51F0046E77B /* ViewControllers */,
				FB8A8A44220C3B0E00B67C31 /* Assets.xcassets */,
				FBED87DD22171CCE001F18D6 /* Media.xcassets */,
				FB8A8A46220C3B0E00B67C31 /* LaunchScreen.storyboard */,
				FB8A8A49220C3B0E00B67C31 /* Info.plist */,
				FB8A8A41220C3B0E00B67C31 /* TinkoffChat.xcdatamodeld */,
			);
			path = TinkoffChat;
			sourceTree = "<group>";
		};
		FBF9CFCE22393F5900636844 /* ConversationList */ = {
			isa = PBXGroup;
			children = (
				FB13B5AA221FFF2100F585A1 /* ConversetionTableViewCell.swift */,
				FBB5844022205F640052535E /* Model.swift */,
				FB3C11F82253B29C008E81E2 /* ConversationsListDelegate.swift */,
				FB13B5A6221FE86200F585A1 /* ConversationsListViewController.swift */,
			);
			path = ConversationList;
			sourceTree = "<group>";
		};
		FBF9CFCF22393F7E00636844 /* Conversation */ = {
			isa = PBXGroup;
			children = (
				FBE3E4022222F9FD00725C33 /* ConversationViewController.swift */,
				FB3C11D622525174008E81E2 /* ConversationDelegate.swift */,
				FBE3E40422231C8A00725C33 /* ChatTableViewCell.swift */,
			);
			path = Conversation;
			sourceTree = "<group>";
		};
/* End PBXGroup section */

/* Begin PBXNativeTarget section */
		FB8A8A36220C3B0E00B67C31 /* TinkoffChat */ = {
			isa = PBXNativeTarget;
			buildConfigurationList = FB8A8A4C220C3B0E00B67C31 /* Build configuration list for PBXNativeTarget "TinkoffChat" */;
			buildPhases = (
				FB8A8A33220C3B0E00B67C31 /* Sources */,
				FB8A8A34220C3B0E00B67C31 /* Frameworks */,
				FB8A8A35220C3B0E00B67C31 /* Resources */,
			);
			buildRules = (
			);
			dependencies = (
			);
			name = TinkoffChat;
			productName = TinkoffChat;
			productReference = FB8A8A37220C3B0E00B67C31 /* TinkoffChat.app */;
			productType = "com.apple.product-type.application";
		};
/* End PBXNativeTarget section */

/* Begin PBXProject section */
		FB8A8A2F220C3B0E00B67C31 /* Project object */ = {
			isa = PBXProject;
			attributes = {
				LastSwiftUpdateCheck = 1010;
				LastUpgradeCheck = 1010;
				ORGANIZATIONNAME = "Lera Korenevich";
				TargetAttributes = {
					FB8A8A36220C3B0E00B67C31 = {
						CreatedOnToolsVersion = 10.1;
						LastSwiftMigration = 1010;
					};
				};
			};
			buildConfigurationList = FB8A8A32220C3B0E00B67C31 /* Build configuration list for PBXProject "TinkoffChat" */;
			compatibilityVersion = "Xcode 9.3";
			developmentRegion = en;
			hasScannedForEncodings = 0;
			knownRegions = (
				en,
				Base,
			);
			mainGroup = FB8A8A2E220C3B0E00B67C31;
			productRefGroup = FB8A8A38220C3B0E00B67C31 /* Products */;
			projectDirPath = "";
			projectRoot = "";
			targets = (
				FB8A8A36220C3B0E00B67C31 /* TinkoffChat */,
			);
		};
/* End PBXProject section */

/* Begin PBXResourcesBuildPhase section */
		FB8A8A35220C3B0E00B67C31 /* Resources */ = {
			isa = PBXResourcesBuildPhase;
			buildActionMask = 2147483647;
			files = (
				FB8A8A48220C3B0E00B67C31 /* LaunchScreen.storyboard in Resources */,
				FB8A8A45220C3B0E00B67C31 /* Assets.xcassets in Resources */,
				FBED87DE22171CCE001F18D6 /* Media.xcassets in Resources */,
				FB8A8A40220C3B0E00B67C31 /* Main.storyboard in Resources */,
			);
			runOnlyForDeploymentPostprocessing = 0;
		};
/* End PBXResourcesBuildPhase section */

/* Begin PBXSourcesBuildPhase section */
		FB8A8A33220C3B0E00B67C31 /* Sources */ = {
			isa = PBXSourcesBuildPhase;
			buildActionMask = 2147483647;
			files = (
				FB2BA2B9225CE55400391B7C /* ConversationFetchRequester.swift in Sources */,
				FBF09071222E96D300BB208D /* ThemesStruct.swift in Sources */,
				FBB5844122205F640052535E /* Model.swift in Sources */,
				FBF9CFC62236DE8400636844 /* Profile.swift in Sources */,
				FB2BA2AD225A46FD00391B7C /* ServiceAssembly.swift in Sources */,
				FB8A8A3B220C3B0E00B67C31 /* AppDelegate.swift in Sources */,
				FBF0907A222EE48C00BB208D /* Extensions.swift in Sources */,
				FB499F512230F7BE0093993B /* ThemesViewController.swift in Sources */,
				FB3C11D722525174008E81E2 /* ConversationDelegate.swift in Sources */,
				FBE3E4032222F9FD00725C33 /* ConversationViewController.swift in Sources */,
				FB91545C223E8C36001350DA /* MultipeerCommunicator.swift in Sources */,
				FB2BA2B5225CD9A300391B7C /* MessagesDataSource.swift in Sources */,
				FBE3E40522231C8A00725C33 /* ChatTableViewCell.swift in Sources */,
				FB5389422217263400093230 /* ProfileViewController.swift in Sources */,
				FB3C11F322536B50008E81E2 /* Conversation.swift in Sources */,
				FB2BA29C225A2A9800391B7C /* AppUser.swift in Sources */,
				FB91545E223E9DE6001350DA /* CommunicationService.swift in Sources */,
				FB2BA2B7225CE54400391B7C /* MessageFetchRequester.swift in Sources */,
				FB2BA2AF225A471600391B7C /* CoreAssembly.swift in Sources */,
				FB2BA2A3225A458900391B7C /* PresentationAssembly.swift in Sources */,
				FB7EE7B322119AE3002CC1D1 /* ChatLog.swift in Sources */,
				FB8A8A43220C3B0E00B67C31 /* TinkoffChat.xcdatamodeld in Sources */,
				FB2BA2B1225A6D0600391B7C /* StorageManager.swift in Sources */,
				FBFDC66C224A957C0079879B /* CoreDataStack.swift in Sources */,
				FB13B5A7221FE86200F585A1 /* ConversationsListViewController.swift in Sources */,
				FB3C11F92253B29C008E81E2 /* ConversationsListDelegate.swift in Sources */,
				FB1FE742225E17D100198EEF /* FRManager.swift in Sources */,
				FB2BA2BB225CE55F00391B7C /* UserFetchRequester.swift in Sources */,
				FB2BA29E225A41E100391B7C /* RootAssembly.swift in Sources */,
				FB13B5AB221FFF2100F585A1 /* ConversetionTableViewCell.swift in Sources */,
				FB3C11F122536B46008E81E2 /* Message.swift in Sources */,
				FB2BA2B3225CD8FF00391B7C /* ConversationsDataSource.swift in Sources */,
				FB3C11EF22536B3D008E81E2 /* User.swift in Sources */,
			);
			runOnlyForDeploymentPostprocessing = 0;
		};
/* End PBXSourcesBuildPhase section */

/* Begin PBXVariantGroup section */
		FB8A8A3E220C3B0E00B67C31 /* Main.storyboard */ = {
			isa = PBXVariantGroup;
			children = (
				FB8A8A3F220C3B0E00B67C31 /* Base */,
			);
			name = Main.storyboard;
			sourceTree = "<group>";
		};
		FB8A8A46220C3B0E00B67C31 /* LaunchScreen.storyboard */ = {
			isa = PBXVariantGroup;
			children = (
				FB8A8A47220C3B0E00B67C31 /* Base */,
			);
			name = LaunchScreen.storyboard;
			sourceTree = "<group>";
		};
/* End PBXVariantGroup section */

/* Begin XCBuildConfiguration section */
		FB8A8A4A220C3B0E00B67C31 /* Debug */ = {
			isa = XCBuildConfiguration;
			buildSettings = {
				ALWAYS_SEARCH_USER_PATHS = NO;
				CLANG_ANALYZER_NONNULL = YES;
				CLANG_ANALYZER_NUMBER_OBJECT_CONVERSION = YES_AGGRESSIVE;
				CLANG_CXX_LANGUAGE_STANDARD = "gnu++14";
				CLANG_CXX_LIBRARY = "libc++";
				CLANG_ENABLE_MODULES = YES;
				CLANG_ENABLE_OBJC_ARC = NO;
				CLANG_ENABLE_OBJC_WEAK = YES;
				CLANG_WARN_BLOCK_CAPTURE_AUTORELEASING = YES;
				CLANG_WARN_BOOL_CONVERSION = YES;
				CLANG_WARN_COMMA = YES;
				CLANG_WARN_CONSTANT_CONVERSION = YES;
				CLANG_WARN_DEPRECATED_OBJC_IMPLEMENTATIONS = YES;
				CLANG_WARN_DIRECT_OBJC_ISA_USAGE = YES_ERROR;
				CLANG_WARN_DOCUMENTATION_COMMENTS = YES;
				CLANG_WARN_EMPTY_BODY = YES;
				CLANG_WARN_ENUM_CONVERSION = YES;
				CLANG_WARN_INFINITE_RECURSION = YES;
				CLANG_WARN_INT_CONVERSION = YES;
				CLANG_WARN_NON_LITERAL_NULL_CONVERSION = YES;
				CLANG_WARN_OBJC_IMPLICIT_RETAIN_SELF = YES;
				CLANG_WARN_OBJC_LITERAL_CONVERSION = YES;
				CLANG_WARN_OBJC_ROOT_CLASS = YES_ERROR;
				CLANG_WARN_RANGE_LOOP_ANALYSIS = YES;
				CLANG_WARN_STRICT_PROTOTYPES = YES;
				CLANG_WARN_SUSPICIOUS_MOVE = YES;
				CLANG_WARN_UNGUARDED_AVAILABILITY = YES_AGGRESSIVE;
				CLANG_WARN_UNREACHABLE_CODE = YES;
				CLANG_WARN__DUPLICATE_METHOD_MATCH = YES;
				CODE_SIGN_IDENTITY = "iPhone Developer";
				COPY_PHASE_STRIP = NO;
				DEBUG_INFORMATION_FORMAT = dwarf;
				ENABLE_STRICT_OBJC_MSGSEND = YES;
				ENABLE_TESTABILITY = YES;
				GCC_C_LANGUAGE_STANDARD = gnu11;
				GCC_DYNAMIC_NO_PIC = NO;
				GCC_NO_COMMON_BLOCKS = YES;
				GCC_OPTIMIZATION_LEVEL = 0;
				GCC_PREPROCESSOR_DEFINITIONS = (
					"DEBUG=1",
					"$(inherited)",
				);
				GCC_WARN_64_TO_32_BIT_CONVERSION = YES;
				GCC_WARN_ABOUT_RETURN_TYPE = YES_ERROR;
				GCC_WARN_UNDECLARED_SELECTOR = YES;
				GCC_WARN_UNINITIALIZED_AUTOS = YES_AGGRESSIVE;
				GCC_WARN_UNUSED_FUNCTION = YES;
				GCC_WARN_UNUSED_VARIABLE = YES;
				IPHONEOS_DEPLOYMENT_TARGET = 12.1;
				MTL_ENABLE_DEBUG_INFO = INCLUDE_SOURCE;
				MTL_FAST_MATH = YES;
				ONLY_ACTIVE_ARCH = YES;
				SDKROOT = iphoneos;
				SWIFT_ACTIVE_COMPILATION_CONDITIONS = DEBUG;
				SWIFT_OPTIMIZATION_LEVEL = "-Onone";
			};
			name = Debug;
		};
		FB8A8A4B220C3B0E00B67C31 /* Release */ = {
			isa = XCBuildConfiguration;
			buildSettings = {
				ALWAYS_SEARCH_USER_PATHS = NO;
				CLANG_ANALYZER_NONNULL = YES;
				CLANG_ANALYZER_NUMBER_OBJECT_CONVERSION = YES_AGGRESSIVE;
				CLANG_CXX_LANGUAGE_STANDARD = "gnu++14";
				CLANG_CXX_LIBRARY = "libc++";
				CLANG_ENABLE_MODULES = YES;
				CLANG_ENABLE_OBJC_ARC = NO;
				CLANG_ENABLE_OBJC_WEAK = YES;
				CLANG_WARN_BLOCK_CAPTURE_AUTORELEASING = YES;
				CLANG_WARN_BOOL_CONVERSION = YES;
				CLANG_WARN_COMMA = YES;
				CLANG_WARN_CONSTANT_CONVERSION = YES;
				CLANG_WARN_DEPRECATED_OBJC_IMPLEMENTATIONS = YES;
				CLANG_WARN_DIRECT_OBJC_ISA_USAGE = YES_ERROR;
				CLANG_WARN_DOCUMENTATION_COMMENTS = YES;
				CLANG_WARN_EMPTY_BODY = YES;
				CLANG_WARN_ENUM_CONVERSION = YES;
				CLANG_WARN_INFINITE_RECURSION = YES;
				CLANG_WARN_INT_CONVERSION = YES;
				CLANG_WARN_NON_LITERAL_NULL_CONVERSION = YES;
				CLANG_WARN_OBJC_IMPLICIT_RETAIN_SELF = YES;
				CLANG_WARN_OBJC_LITERAL_CONVERSION = YES;
				CLANG_WARN_OBJC_ROOT_CLASS = YES_ERROR;
				CLANG_WARN_RANGE_LOOP_ANALYSIS = YES;
				CLANG_WARN_STRICT_PROTOTYPES = YES;
				CLANG_WARN_SUSPICIOUS_MOVE = YES;
				CLANG_WARN_UNGUARDED_AVAILABILITY = YES_AGGRESSIVE;
				CLANG_WARN_UNREACHABLE_CODE = YES;
				CLANG_WARN__DUPLICATE_METHOD_MATCH = YES;
				CODE_SIGN_IDENTITY = "iPhone Developer";
				COPY_PHASE_STRIP = NO;
				DEBUG_INFORMATION_FORMAT = "dwarf-with-dsym";
				ENABLE_NS_ASSERTIONS = NO;
				ENABLE_STRICT_OBJC_MSGSEND = YES;
				GCC_C_LANGUAGE_STANDARD = gnu11;
				GCC_NO_COMMON_BLOCKS = YES;
				GCC_WARN_64_TO_32_BIT_CONVERSION = YES;
				GCC_WARN_ABOUT_RETURN_TYPE = YES_ERROR;
				GCC_WARN_UNDECLARED_SELECTOR = YES;
				GCC_WARN_UNINITIALIZED_AUTOS = YES_AGGRESSIVE;
				GCC_WARN_UNUSED_FUNCTION = YES;
				GCC_WARN_UNUSED_VARIABLE = YES;
				IPHONEOS_DEPLOYMENT_TARGET = 12.1;
				MTL_ENABLE_DEBUG_INFO = NO;
				MTL_FAST_MATH = YES;
				SDKROOT = iphoneos;
				SWIFT_COMPILATION_MODE = wholemodule;
				SWIFT_OPTIMIZATION_LEVEL = "-O";
				VALIDATE_PRODUCT = YES;
			};
			name = Release;
		};
		FB8A8A4D220C3B0E00B67C31 /* Debug */ = {
			isa = XCBuildConfiguration;
			buildSettings = {
				ASSETCATALOG_COMPILER_APPICON_NAME = AppIcon;
				CLANG_ENABLE_MODULES = YES;
				CODE_SIGN_STYLE = Automatic;
				DEVELOPMENT_TEAM = LRSDDA9PY3;
				INFOPLIST_FILE = TinkoffChat/Info.plist;
				IPHONEOS_DEPLOYMENT_TARGET = 11.0;
				LD_RUNPATH_SEARCH_PATHS = (
					"$(inherited)",
					"@executable_path/Frameworks",
				);
				PRODUCT_BUNDLE_IDENTIFIER = com.koren.TinkoffChat;
				PRODUCT_NAME = "$(TARGET_NAME)";
				SWIFT_OPTIMIZATION_LEVEL = "-Onone";
				SWIFT_VERSION = 4.2;
				TARGETED_DEVICE_FAMILY = 1;
			};
			name = Debug;
		};
		FB8A8A4E220C3B0E00B67C31 /* Release */ = {
			isa = XCBuildConfiguration;
			buildSettings = {
				ASSETCATALOG_COMPILER_APPICON_NAME = AppIcon;
				CLANG_ENABLE_MODULES = YES;
				CODE_SIGN_STYLE = Automatic;
				DEVELOPMENT_TEAM = LRSDDA9PY3;
				INFOPLIST_FILE = TinkoffChat/Info.plist;
				IPHONEOS_DEPLOYMENT_TARGET = 11.0;
				LD_RUNPATH_SEARCH_PATHS = (
					"$(inherited)",
					"@executable_path/Frameworks",
				);
				PRODUCT_BUNDLE_IDENTIFIER = com.koren.TinkoffChat;
				PRODUCT_NAME = "$(TARGET_NAME)";
				SWIFT_VERSION = 4.2;
				TARGETED_DEVICE_FAMILY = 1;
			};
			name = Release;
		};
/* End XCBuildConfiguration section */

/* Begin XCConfigurationList section */
		FB8A8A32220C3B0E00B67C31 /* Build configuration list for PBXProject "TinkoffChat" */ = {
			isa = XCConfigurationList;
			buildConfigurations = (
				FB8A8A4A220C3B0E00B67C31 /* Debug */,
				FB8A8A4B220C3B0E00B67C31 /* Release */,
			);
			defaultConfigurationIsVisible = 0;
			defaultConfigurationName = Release;
		};
		FB8A8A4C220C3B0E00B67C31 /* Build configuration list for PBXNativeTarget "TinkoffChat" */ = {
			isa = XCConfigurationList;
			buildConfigurations = (
				FB8A8A4D220C3B0E00B67C31 /* Debug */,
				FB8A8A4E220C3B0E00B67C31 /* Release */,
			);
			defaultConfigurationIsVisible = 0;
			defaultConfigurationName = Release;
		};
/* End XCConfigurationList section */

/* Begin XCVersionGroup section */
		FB8A8A41220C3B0E00B67C31 /* TinkoffChat.xcdatamodeld */ = {
			isa = XCVersionGroup;
			children = (
				FB8A8A42220C3B0E00B67C31 /* TinkoffChat.xcdatamodel */,
			);
			currentVersion = FB8A8A42220C3B0E00B67C31 /* TinkoffChat.xcdatamodel */;
			path = TinkoffChat.xcdatamodeld;
			sourceTree = "<group>";
			versionGroupType = wrapper.xcdatamodel;
		};
/* End XCVersionGroup section */
	};
	rootObject = FB8A8A2F220C3B0E00B67C31 /* Project object */;
}
